
Microsoft Visual Studio Solution File, Format Version 12.00
# Visual Studio 14
VisualStudioVersion = 14.0.22512.0
MinimumVisualStudioVersion = 10.0.40219.1
Project("{FAE04EC0-301F-11D3-BF4B-00C04F79EFBC}") = "arrayLength", "arrayLength.csproj", "{DE1A4B13-F8E2-4C35-BF12-80B61FAAE13E}"
EndProject
Global
	GlobalSection(SolutionConfigurationPlatforms) = preSolution
		Debug|Any CPU = Debug|Any CPU
		Release|Any CPU = Release|Any CPU
	EndGlobalSection
	GlobalSection(ProjectConfigurationPlatforms) = postSolution
		{DE1A4B13-F8E2-4C35-BF12-80B61FAAE13E}.Debug|Any CPU.ActiveCfg = Debug|Any CPU
		{DE1A4B13-F8E2-4C35-BF12-80B61FAAE13E}.Debug|Any CPU.Build.0 = Debug|Any CPU
		{DE1A4B13-F8E2-4C35-BF12-80B61FAAE13E}.Release|Any CPU.ActiveCfg = Release|Any CPU
		{DE1A4B13-F8E2-4C35-BF12-80B61FAAE13E}.Release|Any CPU.Build.0 = Release|Any CPU
	EndGlobalSection
	GlobalSection(SolutionProperties) = preSolution
		HideSolutionNode = FALSE
	EndGlobalSection
EndGlobal
