
Microsoft Visual Studio Solution File, Format Version 12.00
# Visual Studio 14
VisualStudioVersion = 14.0.22512.0
MinimumVisualStudioVersion = 10.0.40219.1
Project("{FAE04EC0-301F-11D3-BF4B-00C04F79EFBC}") = "nan", "nan.csproj", "{D0AB8ADC-EB63-4EB2-A1C3-55EC55CEAED7}"
EndProject
Global
	GlobalSection(SolutionConfigurationPlatforms) = preSolution
		Debug|Any CPU = Debug|Any CPU
		Release|Any CPU = Release|Any CPU
	EndGlobalSection
	GlobalSection(ProjectConfigurationPlatforms) = postSolution
		{D0AB8ADC-EB63-4EB2-A1C3-55EC55CEAED7}.Debug|Any CPU.ActiveCfg = Debug|Any CPU
		{D0AB8ADC-EB63-4EB2-A1C3-55EC55CEAED7}.Debug|Any CPU.Build.0 = Debug|Any CPU
		{D0AB8ADC-EB63-4EB2-A1C3-55EC55CEAED7}.Release|Any CPU.ActiveCfg = Release|Any CPU
		{D0AB8ADC-EB63-4EB2-A1C3-55EC55CEAED7}.Release|Any CPU.Build.0 = Release|Any CPU
	EndGlobalSection
	GlobalSection(SolutionProperties) = preSolution
		HideSolutionNode = FALSE
	EndGlobalSection
EndGlobal
